
Microsoft Visual Studio Solution File, Format Version 12.00
# Visual Studio Version 16
VisualStudioVersion = 16.0.30907.101
MinimumVisualStudioVersion = 10.0.40219.1
Project("{FAE04EC0-301F-11D3-BF4B-00C04F79EFBC}") = "UserRegistrationUsingRegex", "UserRegistrationUsingRegex\UserRegistrationUsingRegex.csproj", "{9C74C987-1B68-4DAF-8CA0-E867253905B8}"
EndProject
Global
	GlobalSection(SolutionConfigurationPlatforms) = preSolution
		Debug|Any CPU = Debug|Any CPU
		Release|Any CPU = Release|Any CPU
	EndGlobalSection
	GlobalSection(ProjectConfigurationPlatforms) = postSolution
		{9C74C987-1B68-4DAF-8CA0-E867253905B8}.Debug|Any CPU.ActiveCfg = Debug|Any CPU
		{9C74C987-1B68-4DAF-8CA0-E867253905B8}.Debug|Any CPU.Build.0 = Debug|Any CPU
		{9C74C987-1B68-4DAF-8CA0-E867253905B8}.Release|Any CPU.ActiveCfg = Release|Any CPU
		{9C74C987-1B68-4DAF-8CA0-E867253905B8}.Release|Any CPU.Build.0 = Release|Any CPU
	EndGlobalSection
	GlobalSection(SolutionProperties) = preSolution
		HideSolutionNode = FALSE
	EndGlobalSection
	GlobalSection(ExtensibilityGlobals) = postSolution
		SolutionGuid = {0F38F228-B411-4862-B304-C944BCF0311B}
	EndGlobalSection
EndGlobal
